// !$*UTF8*$!
{
	archiveVersion = 1;
	classes = {
	};
	objectVersion = 77;
	objects = {

/* Begin PBXContainerItemProxy section */
		0C0CE4E72ED01564008EB20E /* PBXContainerItemProxy */ = {
			isa = PBXContainerItemProxy;
			containerPortal = 0C0CE4C52ED01562008EB20E /* Project object */;
			proxyType = 1;
			remoteGlobalIDString = 0C0CE4CC2ED01562008EB20E;
			remoteInfo = 8assignment;
		};
		0C0CE4F12ED01564008EB20E /* PBXContainerItemProxy */ = {
			isa = PBXContainerItemProxy;
			containerPortal = 0C0CE4C52ED01562008EB20E /* Project object */;
			proxyType = 1;
			remoteGlobalIDString = 0C0CE4CC2ED01562008EB20E;
			remoteInfo = 8assignment;
		};
/* End PBXContainerItemProxy section */

/* Begin PBXFileReference section */
		0C0CE4CD2ED01562008EB20E /* 8assignment.app */ = {isa = PBXFileReference; explicitFileType = wrapper.application; includeInIndex = 0; path = 8assignment.app; sourceTree = BUILT_PRODUCTS_DIR; };
		0C0CE4E62ED01564008EB20E /* 8assignmentTests.xctest */ = {isa = PBXFileReference; explicitFileType = wrapper.cfbundle; includeInIndex = 0; path = 8assignmentTests.xctest; sourceTree = BUILT_PRODUCTS_DIR; };
		0C0CE4F02ED01564008EB20E /* 8assignmentUITests.xctest */ = {isa = PBXFileReference; explicitFileType = wrapper.cfbundle; includeInIndex = 0; path = 8assignmentUITests.xctest; sourceTree = BUILT_PRODUCTS_DIR; };
/* End PBXFileReference section */

/* Begin PBXFileSystemSynchronizedBuildFileExceptionSet section */
		0C0CE4F82ED01564008EB20E /* Exceptions for "8assignment" folder in "8assignment" target */ = {
			isa = PBXFileSystemSynchronizedBuildFileExceptionSet;
			membershipExceptions = (
				Info.plist,
			);
			target = 0C0CE4CC2ED01562008EB20E /* 8assignment */;
		};
/* End PBXFileSystemSynchronizedBuildFileExceptionSet section */

/* Begin PBXFileSystemSynchronizedRootGroup section */
		0C0CE4CF2ED01562008EB20E /* 8assignment */ = {
			isa = PBXFileSystemSynchronizedRootGroup;
			exceptions = (
				0C0CE4F82ED01564008EB20E /* Exceptions for "8assignment" folder in "8assignment" target */,
			);
			path = 8assignment;
			sourceTree = "<group>";
		};
		0C0CE4E92ED01564008EB20E /* 8assignmentTests */ = {
			isa = PBXFileSystemSynchronizedRootGroup;
			path = 8assignmentTests;
			sourceTree = "<group>";
		};
		0C0CE4F32ED01564008EB20E /* 8assignmentUITests */ = {
			isa = PBXFileSystemSynchronizedRootGroup;
			path = 8assignmentUITests;
			sourceTree = "<group>";
		};
/* End PBXFileSystemSynchronizedRootGroup section */

/* Begin PBXFrameworksBuildPhase section */
		0C0CE4CA2ED01562008EB20E /* Frameworks */ = {
			isa = PBXFrameworksBuildPhase;
			buildActionMask = 2147483647;
			files = (
			);
			runOnlyForDeploymentPostprocessing = 0;
		};
		0C0CE4E32ED01564008EB20E /* Frameworks */ = {
			isa = PBXFrameworksBuildPhase;
			buildActionMask = 2147483647;
			files = (
			);
			runOnlyForDeploymentPostprocessing = 0;
		};
		0C0CE4ED2ED01564008EB20E /* Frameworks */ = {
			isa = PBXFrameworksBuildPhase;
			buildActionMask = 2147483647;
			files = (
			);
			runOnlyForDeploymentPostprocessing = 0;
		};
/* End PBXFrameworksBuildPhase section */

/* Begin PBXGroup section */
		0C0CE4C42ED01562008EB20E = {
			isa = PBXGroup;
			children = (
				0C0CE4CF2ED01562008EB20E /* 8assignment */,
				0C0CE4E92ED01564008EB20E /* 8assignmentTests */,
				0C0CE4F32ED01564008EB20E /* 8assignmentUITests */,
				0C0CE4CE2ED01562008EB20E /* Products */,
			);
			sourceTree = "<group>";
		};
		0C0CE4CE2ED01562008EB20E /* Products */ = {
			isa = PBXGroup;
			children = (
				0C0CE4CD2ED01562008EB20E /* 8assignment.app */,
				0C0CE4E62ED01564008EB20E /* 8assignmentTests.xctest */,
				0C0CE4F02ED01564008EB20E /* 8assignmentUITests.xctest */,
			);
			name = Products;
			sourceTree = "<group>";
		};
/* End PBXGroup section */

/* Begin PBXNativeTarget section */
		0C0CE4CC2ED01562008EB20E /* 8assignment */ = {
			isa = PBXNativeTarget;
			buildConfigurationList = 0C0CE4F92ED01564008EB20E /* Build configuration list for PBXNativeTarget "8assignment" */;
			buildPhases = (
				0C0CE4C92ED01562008EB20E /* Sources */,
				0C0CE4CA2ED01562008EB20E /* Frameworks */,
				0C0CE4CB2ED01562008EB20E /* Resources */,
			);
			buildRules = (
			);
			dependencies = (
			);
			fileSystemSynchronizedGroups = (
				0C0CE4CF2ED01562008EB20E /* 8assignment */,
			);
			name = 8assignment;
			packageProductDependencies = (
			);
			productName = 8assignment;
			productReference = 0C0CE4CD2ED01562008EB20E /* 8assignment.app */;
			productType = "com.apple.product-type.application";
		};
		0C0CE4E52ED01564008EB20E /* 8assignmentTests */ = {
			isa = PBXNativeTarget;
			buildConfigurationList = 0C0CE4FE2ED01564008EB20E /* Build configuration list for PBXNativeTarget "8assignmentTests" */;
			buildPhases = (
				0C0CE4E22ED01564008EB20E /* Sources */,
				0C0CE4E32ED01564008EB20E /* Frameworks */,
				0C0CE4E42ED01564008EB20E /* Resources */,
			);
			buildRules = (
			);
			dependencies = (
				0C0CE4E82ED01564008EB20E /* PBXTargetDependency */,
			);
			fileSystemSynchronizedGroups = (
				0C0CE4E92ED01564008EB20E /* 8assignmentTests */,
			);
			name = 8assignmentTests;
			packageProductDependencies = (
			);
			productName = 8assignmentTests;
			productReference = 0C0CE4E62ED01564008EB20E /* 8assignmentTests.xctest */;
			productType = "com.apple.product-type.bundle.unit-test";
		};
		0C0CE4EF2ED01564008EB20E /* 8assignmentUITests */ = {
			isa = PBXNativeTarget;
			buildConfigurationList = 0C0CE5012ED01564008EB20E /* Build configuration list for PBXNativeTarget "8assignmentUITests" */;
			buildPhases = (
				0C0CE4EC2ED01564008EB20E /* Sources */,
				0C0CE4ED2ED01564008EB20E /* Frameworks */,
				0C0CE4EE2ED01564008EB20E /* Resources */,
			);
			buildRules = (
			);
			dependencies = (
				0C0CE4F22ED01564008EB20E /* PBXTargetDependency */,
			);
			fileSystemSynchronizedGroups = (
				0C0CE4F32ED01564008EB20E /* 8assignmentUITests */,
			);
			name = 8assignmentUITests;
			packageProductDependencies = (
			);
			productName = 8assignmentUITests;
			productReference = 0C0CE4F02ED01564008EB20E /* 8assignmentUITests.xctest */;
			productType = "com.apple.product-type.bundle.ui-testing";
		};
/* End PBXNativeTarget section */

/* Begin PBXProject section */
		0C0CE4C52ED01562008EB20E /* Project object */ = {
			isa = PBXProject;
			attributes = {
				BuildIndependentTargetsInParallel = 1;
				LastSwiftUpdateCheck = 1620;
				LastUpgradeCheck = 1620;
				TargetAttributes = {
					0C0CE4CC2ED01562008EB20E = {
						CreatedOnToolsVersion = 16.2;
					};
					0C0CE4E52ED01564008EB20E = {
						CreatedOnToolsVersion = 16.2;
						TestTargetID = 0C0CE4CC2ED01562008EB20E;
					};
					0C0CE4EF2ED01564008EB20E = {
						CreatedOnToolsVersion = 16.2;
						TestTargetID = 0C0CE4CC2ED01562008EB20E;
					};
				};
			};
			buildConfigurationList = 0C0CE4C82ED01562008EB20E /* Build configuration list for PBXProject "8assignment" */;
			developmentRegion = en;
			hasScannedForEncodings = 0;
			knownRegions = (
				en,
				Base,
			);
			mainGroup = 0C0CE4C42ED01562008EB20E;
			minimizedProjectReferenceProxies = 1;
			preferredProjectObjectVersion = 77;
			productRefGroup = 0C0CE4CE2ED01562008EB20E /* Products */;
			projectDirPath = "";
			projectRoot = "";
			targets = (
				0C0CE4CC2ED01562008EB20E /* 8assignment */,
				0C0CE4E52ED01564008EB20E /* 8assignmentTests */,
				0C0CE4EF2ED01564008EB20E /* 8assignmentUITests */,
			);
		};
/* End PBXProject section */

/* Begin PBXResourcesBuildPhase section */
		0C0CE4CB2ED01562008EB20E /* Resources */ = {
			isa = PBXResourcesBuildPhase;
			buildActionMask = 2147483647;
			files = (
			);
			runOnlyForDeploymentPostprocessing = 0;
		};
		0C0CE4E42ED01564008EB20E /* Resources */ = {
			isa = PBXResourcesBuildPhase;
			buildActionMask = 2147483647;
			files = (
			);
			runOnlyForDeploymentPostprocessing = 0;
		};
		0C0CE4EE2ED01564008EB20E /* Resources */ = {
			isa = PBXResourcesBuildPhase;
			buildActionMask = 2147483647;
			files = (
			);
			runOnlyForDeploymentPostprocessing = 0;
		};
/* End PBXResourcesBuildPhase section */

/* Begin PBXSourcesBuildPhase section */
		0C0CE4C92ED01562008EB20E /* Sources */ = {
			isa = PBXSourcesBuildPhase;
			buildActionMask = 2147483647;
			files = (
			);
			runOnlyForDeploymentPostprocessing = 0;
		};
		0C0CE4E22ED01564008EB20E /* Sources */ = {
			isa = PBXSourcesBuildPhase;
			buildActionMask = 2147483647;
			files = (
			);
			runOnlyForDeploymentPostprocessing = 0;
		};
		0C0CE4EC2ED01564008EB20E /* Sources */ = {
			isa = PBXSourcesBuildPhase;
			buildActionMask = 2147483647;
			files = (
			);
			runOnlyForDeploymentPostprocessing = 0;
		};
/* End PBXSourcesBuildPhase section */

/* Begin PBXTargetDependency section */
		0C0CE4E82ED01564008EB20E /* PBXTargetDependency */ = {
			isa = PBXTargetDependency;
			target = 0C0CE4CC2ED01562008EB20E /* 8assignment */;
			targetProxy = 0C0CE4E72ED01564008EB20E /* PBXContainerItemProxy */;
		};
		0C0CE4F22ED01564008EB20E /* PBXTargetDependency */ = {
			isa = PBXTargetDependency;
			target = 0C0CE4CC2ED01562008EB20E /* 8assignment */;
			targetProxy = 0C0CE4F12ED01564008EB20E /* PBXContainerItemProxy */;
		};
/* End PBXTargetDependency section */

/* Begin XCBuildConfiguration section */
		0C0CE4FA2ED01564008EB20E /* Debug */ = {
			isa = XCBuildConfiguration;
			buildSettings = {
				ASSETCATALOG_COMPILER_APPICON_NAME = AppIcon;
				ASSETCATALOG_COMPILER_GLOBAL_ACCENT_COLOR_NAME = AccentColor;
				CODE_SIGN_STYLE = Automatic;
				CURRENT_PROJECT_VERSION = 1;
				DEVELOPMENT_TEAM = 988JAZVVXH;
				GENERATE_INFOPLIST_FILE = YES;
				INFOPLIST_FILE = 8assignment/Info.plist;
				INFOPLIST_KEY_UIApplicationSupportsIndirectInputEvents = YES;
				INFOPLIST_KEY_UILaunchStoryboardName = LaunchScreen;
				INFOPLIST_KEY_UIMainStoryboardFile = Main;
				INFOPLIST_KEY_UISupportedInterfaceOrientations_iPad = "UIInterfaceOrientationPortrait UIInterfaceOrientationPortraitUpsideDown UIInterfaceOrientationLandscapeLeft UIInterfaceOrientationLandscapeRight";
				INFOPLIST_KEY_UISupportedInterfaceOrientations_iPhone = "UIInterfaceOrientationPortrait UIInterfaceOrientationLandscapeLeft UIInterfaceOrientationLandscapeRight";
				LD_RUNPATH_SEARCH_PATHS = (
					"$(inherited)",
					"@executable_path/Frameworks",
				);
				MARKETING_VERSION = 1.0;
				PRODUCT_BUNDLE_IDENTIFIER = "KBTU.-assignment";
				PRODUCT_NAME = "$(TARGET_NAME)";
				SWIFT_EMIT_LOC_STRINGS = YES;
				SWIFT_VERSION = 5.0;
				TARGETED_DEVICE_FAMILY = "1,2";
			};
			name = Debug;
		};
		0C0CE4FB2ED01564008EB20E /* Release */ = {
			isa = XCBuildConfiguration;
			buildSettings = {
				ASSETCATALOG_COMPILER_APPICON_NAME = AppIcon;
				ASSETCATALOG_COMPILER_GLOBAL_ACCENT_COLOR_NAME = AccentColor;
				CODE_SIGN_STYLE = Automatic;
				CURRENT_PROJECT_VERSION = 1;
				DEVELOPMENT_TEAM = 988JAZVVXH;
				GENERATE_INFOPLIST_FILE = YES;
				INFOPLIST_FILE = 8assignment/Info.plist;
				INFOPLIST_KEY_UIApplicationSupportsIndirectInputEvents = YES;
				INFOPLIST_KEY_UILaunchStoryboardName = LaunchScreen;
				INFOPLIST_KEY_UIMainStoryboardFile = Main;
				INFOPLIST_KEY_UISupportedInterfaceOrientations_iPad = "UIInterfaceOrientationPortrait UIInterfaceOrientationPortraitUpsideDown UIInterfaceOrientationLandscapeLeft UIInterfaceOrientationLandscapeRight";
				INFOPLIST_KEY_UISupportedInterfaceOrientations_iPhone = "UIInterfaceOrientationPortrait UIInterfaceOrientationLandscapeLeft UIInterfaceOrientationLandscapeRight";
				LD_RUNPATH_SEARCH_PATHS = (
					"$(inherited)",
					"@executable_path/Frameworks",
				);
				MARKETING_VERSION = 1.0;
				PRODUCT_BUNDLE_IDENTIFIER = "KBTU.-assignment";
				PRODUCT_NAME = "$(TARGET_NAME)";
				SWIFT_EMIT_LOC_STRINGS = YES;
				SWIFT_VERSION = 5.0;
				TARGETED_DEVICE_FAMILY = "1,2";
			};
			name = Release;
		};
		0C0CE4FC2ED01564008EB20E /* Debug */ = {
			isa = XCBuildConfiguration;
			buildSettings = {
				ALWAYS_SEARCH_USER_PATHS = NO;
				ASSETCATALOG_COMPILER_GENERATE_SWIFT_ASSET_SYMBOL_EXTENSIONS = YES;
				CLANG_ANALYZER_NONNULL = YES;
				CLANG_ANALYZER_NUMBER_OBJECT_CONVERSION = YES_AGGRESSIVE;
				CLANG_CXX_LANGUAGE_STANDARD = "gnu++20";
				CLANG_ENABLE_MODULES = YES;
				CLANG_ENABLE_OBJC_ARC = YES;
				CLANG_ENABLE_OBJC_WEAK = YES;
				CLANG_WARN_BLOCK_CAPTURE_AUTORELEASING = YES;
				CLANG_WARN_BOOL_CONVERSION = YES;
				CLANG_WARN_COMMA = YES;
				CLANG_WARN_CONSTANT_CONVERSION = YES;
				CLANG_WARN_DEPRECATED_OBJC_IMPLEMENTATIONS = YES;
				CLANG_WARN_DIRECT_OBJC_ISA_USAGE = YES_ERROR;
				CLANG_WARN_DOCUMENTATION_COMMENTS = YES;
				CLANG_WARN_EMPTY_BODY = YES;
				CLANG_WARN_ENUM_CONVERSION = YES;
				CLANG_WARN_INFINITE_RECURSION = YES;
				CLANG_WARN_INT_CONVERSION = YES;
				CLANG_WARN_NON_LITERAL_NULL_CONVERSION = YES;
				CLANG_WARN_OBJC_IMPLICIT_RETAIN_SELF = YES;
				CLANG_WARN_OBJC_LITERAL_CONVERSION = YES;
				CLANG_WARN_OBJC_ROOT_CLASS = YES_ERROR;
				CLANG_WARN_QUOTED_INCLUDE_IN_FRAMEWORK_HEADER = YES;
				CLANG_WARN_RANGE_LOOP_ANALYSIS = YES;
				CLANG_WARN_STRICT_PROTOTYPES = YES;
				CLANG_WARN_SUSPICIOUS_MOVE = YES;
				CLANG_WARN_UNGUARDED_AVAILABILITY = YES_AGGRESSIVE;
				CLANG_WARN_UNREACHABLE_CODE = YES;
				CLANG_WARN__DUPLICATE_METHOD_MATCH = YES;
				COPY_PHASE_STRIP = NO;
				DEBUG_INFORMATION_FORMAT = dwarf;
				ENABLE_STRICT_OBJC_MSGSEND = YES;
				ENABLE_TESTABILITY = YES;
				ENABLE_USER_SCRIPT_SANDBOXING = YES;
				GCC_C_LANGUAGE_STANDARD = gnu17;
				GCC_DYNAMIC_NO_PIC = NO;
				GCC_NO_COMMON_BLOCKS = YES;
				GCC_OPTIMIZATION_LEVEL = 0;
				GCC_PREPROCESSOR_DEFINITIONS = (
					"DEBUG=1",
					"$(inherited)",
				);
				GCC_WARN_64_TO_32_BIT_CONVERSION = YES;
				GCC_WARN_ABOUT_RETURN_TYPE = YES_ERROR;
				GCC_WARN_UNDECLARED_SELECTOR = YES;
				GCC_WARN_UNINITIALIZED_AUTOS = YES_AGGRESSIVE;
				GCC_WARN_UNUSED_FUNCTION = YES;
				GCC_WARN_UNUSED_VARIABLE = YES;
				IPHONEOS_DEPLOYMENT_TARGET = 18.2;
				LOCALIZATION_PREFERS_STRING_CATALOGS = YES;
				MTL_ENABLE_DEBUG_INFO = INCLUDE_SOURCE;
				MTL_FAST_MATH = YES;
				ONLY_ACTIVE_ARCH = YES;
				SDKROOT = iphoneos;
				SWIFT_ACTIVE_COMPILATION_CONDITIONS = "DEBUG $(inherited)";
				SWIFT_OPTIMIZATION_LEVEL = "-Onone";
			};
			name = Debug;
		};
		0C0CE4FD2ED01564008EB20E /* Release */ = {
			isa = XCBuildConfiguration;
			buildSettings = {
				ALWAYS_SEARCH_USER_PATHS = NO;
				ASSETCATALOG_COMPILER_GENERATE_SWIFT_ASSET_SYMBOL_EXTENSIONS = YES;
				CLANG_ANALYZER_NONNULL = YES;
				CLANG_ANALYZER_NUMBER_OBJECT_CONVERSION = YES_AGGRESSIVE;
				CLANG_CXX_LANGUAGE_STANDARD = "gnu++20";
				CLANG_ENABLE_MODULES = YES;
				CLANG_ENABLE_OBJC_ARC = YES;
				CLANG_ENABLE_OBJC_WEAK = YES;
				CLANG_WARN_BLOCK_CAPTURE_AUTORELEASING = YES;
				CLANG_WARN_BOOL_CONVERSION = YES;
				CLANG_WARN_COMMA = YES;
				CLANG_WARN_CONSTANT_CONVERSION = YES;
				CLANG_WARN_DEPRECATED_OBJC_IMPLEMENTATIONS = YES;
				CLANG_WARN_DIRECT_OBJC_ISA_USAGE = YES_ERROR;
				CLANG_WARN_DOCUMENTATION_COMMENTS = YES;
				CLANG_WARN_EMPTY_BODY = YES;
				CLANG_WARN_ENUM_CONVERSION = YES;
				CLANG_WARN_INFINITE_RECURSION = YES;
				CLANG_WARN_INT_CONVERSION = YES;
				CLANG_WARN_NON_LITERAL_NULL_CONVERSION = YES;
				CLANG_WARN_OBJC_IMPLICIT_RETAIN_SELF = YES;
				CLANG_WARN_OBJC_LITERAL_CONVERSION = YES;
				CLANG_WARN_OBJC_ROOT_CLASS = YES_ERROR;
				CLANG_WARN_QUOTED_INCLUDE_IN_FRAMEWORK_HEADER = YES;
				CLANG_WARN_RANGE_LOOP_ANALYSIS = YES;
				CLANG_WARN_STRICT_PROTOTYPES = YES;
				CLANG_WARN_SUSPICIOUS_MOVE = YES;
				CLANG_WARN_UNGUARDED_AVAILABILITY = YES_AGGRESSIVE;
				CLANG_WARN_UNREACHABLE_CODE = YES;
				CLANG_WARN__DUPLICATE_METHOD_MATCH = YES;
				COPY_PHASE_STRIP = NO;
				DEBUG_INFORMATION_FORMAT = "dwarf-with-dsym";
				ENABLE_NS_ASSERTIONS = NO;
				ENABLE_STRICT_OBJC_MSGSEND = YES;
				ENABLE_USER_SCRIPT_SANDBOXING = YES;
				GCC_C_LANGUAGE_STANDARD = gnu17;
				GCC_NO_COMMON_BLOCKS = YES;
				GCC_WARN_64_TO_32_BIT_CONVERSION = YES;
				GCC_WARN_ABOUT_RETURN_TYPE = YES_ERROR;
				GCC_WARN_UNDECLARED_SELECTOR = YES;
				GCC_WARN_UNINITIALIZED_AUTOS = YES_AGGRESSIVE;
				GCC_WARN_UNUSED_FUNCTION = YES;
				GCC_WARN_UNUSED_VARIABLE = YES;
				IPHONEOS_DEPLOYMENT_TARGET = 18.2;
				LOCALIZATION_PREFERS_STRING_CATALOGS = YES;
				MTL_ENABLE_DEBUG_INFO = NO;
				MTL_FAST_MATH = YES;
				SDKROOT = iphoneos;
				SWIFT_COMPILATION_MODE = wholemodule;
				VALIDATE_PRODUCT = YES;
			};
			name = Release;
		};
		0C0CE4FF2ED01564008EB20E /* Debug */ = {
			isa = XCBuildConfiguration;
			buildSettings = {
				BUNDLE_LOADER = "$(TEST_HOST)";
				CODE_SIGN_STYLE = Automatic;
				CURRENT_PROJECT_VERSION = 1;
				DEVELOPMENT_TEAM = 988JAZVVXH;
				GENERATE_INFOPLIST_FILE = YES;
				IPHONEOS_DEPLOYMENT_TARGET = 18.2;
				MARKETING_VERSION = 1.0;
				PRODUCT_BUNDLE_IDENTIFIER = "KBTU.-assignmentTests";
				PRODUCT_NAME = "$(TARGET_NAME)";
				SWIFT_EMIT_LOC_STRINGS = NO;
				SWIFT_VERSION = 5.0;
				TARGETED_DEVICE_FAMILY = "1,2";
				TEST_HOST = "$(BUILT_PRODUCTS_DIR)/8assignment.app/$(BUNDLE_EXECUTABLE_FOLDER_PATH)/8assignment";
			};
			name = Debug;
		};
		0C0CE5002ED01564008EB20E /* Release */ = {
			isa = XCBuildConfiguration;
			buildSettings = {
				BUNDLE_LOADER = "$(TEST_HOST)";
				CODE_SIGN_STYLE = Automatic;
				CURRENT_PROJECT_VERSION = 1;
				DEVELOPMENT_TEAM = 988JAZVVXH;
				GENERATE_INFOPLIST_FILE = YES;
				IPHONEOS_DEPLOYMENT_TARGET = 18.2;
				MARKETING_VERSION = 1.0;
				PRODUCT_BUNDLE_IDENTIFIER = "KBTU.-assignmentTests";
				PRODUCT_NAME = "$(TARGET_NAME)";
				SWIFT_EMIT_LOC_STRINGS = NO;
				SWIFT_VERSION = 5.0;
				TARGETED_DEVICE_FAMILY = "1,2";
				TEST_HOST = "$(BUILT_PRODUCTS_DIR)/8assignment.app/$(BUNDLE_EXECUTABLE_FOLDER_PATH)/8assignment";
			};
			name = Release;
		};
		0C0CE5022ED01564008EB20E /* Debug */ = {
			isa = XCBuildConfiguration;
			buildSettings = {
				CODE_SIGN_STYLE = Automatic;
				CURRENT_PROJECT_VERSION = 1;
				DEVELOPMENT_TEAM = 988JAZVVXH;
				GENERATE_INFOPLIST_FILE = YES;
				MARKETING_VERSION = 1.0;
				PRODUCT_BUNDLE_IDENTIFIER = "KBTU.-assignmentUITests";
				PRODUCT_NAME = "$(TARGET_NAME)";
				SWIFT_EMIT_LOC_STRINGS = NO;
				SWIFT_VERSION = 5.0;
				TARGETED_DEVICE_FAMILY = "1,2";
				TEST_TARGET_NAME = 8assignment;
			};
			name = Debug;
		};
		0C0CE5032ED01564008EB20E /* Release */ = {
			isa = XCBuildConfiguration;
			buildSettings = {
				CODE_SIGN_STYLE = Automatic;
				CURRENT_PROJECT_VERSION = 1;
				DEVELOPMENT_TEAM = 988JAZVVXH;
				GENERATE_INFOPLIST_FILE = YES;
				MARKETING_VERSION = 1.0;
				PRODUCT_BUNDLE_IDENTIFIER = "KBTU.-assignmentUITests";
				PRODUCT_NAME = "$(TARGET_NAME)";
				SWIFT_EMIT_LOC_STRINGS = NO;
				SWIFT_VERSION = 5.0;
				TARGETED_DEVICE_FAMILY = "1,2";
				TEST_TARGET_NAME = 8assignment;
			};
			name = Release;
		};
/* End XCBuildConfiguration section */

/* Begin XCConfigurationList section */
		0C0CE4C82ED01562008EB20E /* Build configuration list for PBXProject "8assignment" */ = {
			isa = XCConfigurationList;
			buildConfigurations = (
				0C0CE4FC2ED01564008EB20E /* Debug */,
				0C0CE4FD2ED01564008EB20E /* Release */,
			);
			defaultConfigurationIsVisible = 0;
			defaultConfigurationName = Release;
		};
		0C0CE4F92ED01564008EB20E /* Build configuration list for PBXNativeTarget "8assignment" */ = {
			isa = XCConfigurationList;
			buildConfigurations = (
				0C0CE4FA2ED01564008EB20E /* Debug */,
				0C0CE4FB2ED01564008EB20E /* Release */,
			);
			defaultConfigurationIsVisible = 0;
			defaultConfigurationName = Release;
		};
		0C0CE4FE2ED01564008EB20E /* Build configuration list for PBXNativeTarget "8assignmentTests" */ = {
			isa = XCConfigurationList;
			buildConfigurations = (
				0C0CE4FF2ED01564008EB20E /* Debug */,
				0C0CE5002ED01564008EB20E /* Release */,
			);
			defaultConfigurationIsVisible = 0;
			defaultConfigurationName = Release;
		};
		0C0CE5012ED01564008EB20E /* Build configuration list for PBXNativeTarget "8assignmentUITests" */ = {
			isa = XCConfigurationList;
			buildConfigurations = (
				0C0CE5022ED01564008EB20E /* Debug */,
				0C0CE5032ED01564008EB20E /* Release */,
			);
			defaultConfigurationIsVisible = 0;
			defaultConfigurationName = Release;
		};
/* End XCConfigurationList section */
	};
	rootObject = 0C0CE4C52ED01562008EB20E /* Project object */;
}
